// !$*UTF8*$!
{
	archiveVersion = 1;
	classes = {
	};
	objectVersion = 46;
	objects = {

/* Begin PBXBuildFile section */
		9C62F0641B29E756006FD3A8 /* main.m in Sources */ = {isa = PBXBuildFile; fileRef = 9C62F0631B29E756006FD3A8 /* main.m */; };
		9C62F0671B29E756006FD3A8 /* AppDelegate.m in Sources */ = {isa = PBXBuildFile; fileRef = 9C62F0661B29E756006FD3A8 /* AppDelegate.m */; };
		9C62F06F1B29E756006FD3A8 /* Images.xcassets in Resources */ = {isa = PBXBuildFile; fileRef = 9C62F06E1B29E756006FD3A8 /* Images.xcassets */; };
		9C62F0721B29E756006FD3A8 /* LaunchScreen.xib in Resources */ = {isa = PBXBuildFile; fileRef = 9C62F0701B29E756006FD3A8 /* LaunchScreen.xib */; };
		9C62F07E1B29E756006FD3A8 /* ZoomingIconsTests.m in Sources */ = {isa = PBXBuildFile; fileRef = 9C62F07D1B29E756006FD3A8 /* ZoomingIconsTests.m */; };
		9C62F0891B29E8C6006FD3A8 /* MenuViewController.m in Sources */ = {isa = PBXBuildFile; fileRef = 9C62F0881B29E8C6006FD3A8 /* MenuViewController.m */; };
		9C62F08C1B2A02AD006FD3A8 /* SocialItemCell.m in Sources */ = {isa = PBXBuildFile; fileRef = 9C62F08B1B2A02AD006FD3A8 /* SocialItemCell.m */; };
		9C62F08F1B2A08E6006FD3A8 /* SocialItem.m in Sources */ = {isa = PBXBuildFile; fileRef = 9C62F08E1B2A08E6006FD3A8 /* SocialItem.m */; };
		9C62F0921B2A1AC7006FD3A8 /* DetailedViewController.m in Sources */ = {isa = PBXBuildFile; fileRef = 9C62F0911B2A1AC7006FD3A8 /* DetailedViewController.m */; };
		9C62F0941B2A1CBE006FD3A8 /* Main.storyboard in Resources */ = {isa = PBXBuildFile; fileRef = 9C62F0931B2A1CBE006FD3A8 /* Main.storyboard */; };
		9C62F0971B2A36C0006FD3A8 /* ZoomingIconTransition.m in Sources */ = {isa = PBXBuildFile; fileRef = 9C62F0961B2A36C0006FD3A8 /* ZoomingIconTransition.m */; };
/* End PBXBuildFile section */

/* Begin PBXContainerItemProxy section */
		9C62F0781B29E756006FD3A8 /* PBXContainerItemProxy */ = {
			isa = PBXContainerItemProxy;
			containerPortal = 9C62F0561B29E756006FD3A8 /* Project object */;
			proxyType = 1;
			remoteGlobalIDString = 9C62F05D1B29E756006FD3A8;
			remoteInfo = ZoomingIcons;
		};
/* End PBXContainerItemProxy section */

/* Begin PBXFileReference section */
		9C62F05E1B29E756006FD3A8 /* ZoomingIcons.app */ = {isa = PBXFileReference; explicitFileType = wrapper.application; includeInIndex = 0; path = ZoomingIcons.app; sourceTree = BUILT_PRODUCTS_DIR; };
		9C62F0621B29E756006FD3A8 /* Info.plist */ = {isa = PBXFileReference; lastKnownFileType = text.plist.xml; path = Info.plist; sourceTree = "<group>"; };
		9C62F0631B29E756006FD3A8 /* main.m */ = {isa = PBXFileReference; lastKnownFileType = sourcecode.c.objc; path = main.m; sourceTree = "<group>"; };
		9C62F0651B29E756006FD3A8 /* AppDelegate.h */ = {isa = PBXFileReference; lastKnownFileType = sourcecode.c.h; path = AppDelegate.h; sourceTree = "<group>"; };
		9C62F0661B29E756006FD3A8 /* AppDelegate.m */ = {isa = PBXFileReference; lastKnownFileType = sourcecode.c.objc; path = AppDelegate.m; sourceTree = "<group>"; };
		9C62F06E1B29E756006FD3A8 /* Images.xcassets */ = {isa = PBXFileReference; lastKnownFileType = folder.assetcatalog; path = Images.xcassets; sourceTree = "<group>"; };
		9C62F0711B29E756006FD3A8 /* Base */ = {isa = PBXFileReference; lastKnownFileType = file.xib; name = Base; path = Base.lproj/LaunchScreen.xib; sourceTree = "<group>"; };
		9C62F0771B29E756006FD3A8 /* ZoomingIconsTests.xctest */ = {isa = PBXFileReference; explicitFileType = wrapper.cfbundle; includeInIndex = 0; path = ZoomingIconsTests.xctest; sourceTree = BUILT_PRODUCTS_DIR; };
		9C62F07C1B29E756006FD3A8 /* Info.plist */ = {isa = PBXFileReference; lastKnownFileType = text.plist.xml; path = Info.plist; sourceTree = "<group>"; };
		9C62F07D1B29E756006FD3A8 /* ZoomingIconsTests.m */ = {isa = PBXFileReference; lastKnownFileType = sourcecode.c.objc; path = ZoomingIconsTests.m; sourceTree = "<group>"; };
		9C62F0871B29E8C6006FD3A8 /* MenuViewController.h */ = {isa = PBXFileReference; fileEncoding = 4; lastKnownFileType = sourcecode.c.h; path = MenuViewController.h; sourceTree = "<group>"; };
		9C62F0881B29E8C6006FD3A8 /* MenuViewController.m */ = {isa = PBXFileReference; fileEncoding = 4; lastKnownFileType = sourcecode.c.objc; path = MenuViewController.m; sourceTree = "<group>"; };
		9C62F08A1B2A02AD006FD3A8 /* SocialItemCell.h */ = {isa = PBXFileReference; fileEncoding = 4; lastKnownFileType = sourcecode.c.h; path = SocialItemCell.h; sourceTree = "<group>"; };
		9C62F08B1B2A02AD006FD3A8 /* SocialItemCell.m */ = {isa = PBXFileReference; fileEncoding = 4; lastKnownFileType = sourcecode.c.objc; path = SocialItemCell.m; sourceTree = "<group>"; };
		9C62F08D1B2A08E6006FD3A8 /* SocialItem.h */ = {isa = PBXFileReference; fileEncoding = 4; lastKnownFileType = sourcecode.c.h; path = SocialItem.h; sourceTree = "<group>"; };
		9C62F08E1B2A08E6006FD3A8 /* SocialItem.m */ = {isa = PBXFileReference; fileEncoding = 4; lastKnownFileType = sourcecode.c.objc; path = SocialItem.m; sourceTree = "<group>"; };
		9C62F0901B2A1AC7006FD3A8 /* DetailedViewController.h */ = {isa = PBXFileReference; fileEncoding = 4; lastKnownFileType = sourcecode.c.h; path = DetailedViewController.h; sourceTree = "<group>"; };
		9C62F0911B2A1AC7006FD3A8 /* DetailedViewController.m */ = {isa = PBXFileReference; fileEncoding = 4; lastKnownFileType = sourcecode.c.objc; path = DetailedViewController.m; sourceTree = "<group>"; };
		9C62F0931B2A1CBE006FD3A8 /* Main.storyboard */ = {isa = PBXFileReference; fileEncoding = 4; lastKnownFileType = file.storyboard; path = Main.storyboard; sourceTree = "<group>"; };
		9C62F0951B2A36C0006FD3A8 /* ZoomingIconTransition.h */ = {isa = PBXFileReference; fileEncoding = 4; lastKnownFileType = sourcecode.c.h; path = ZoomingIconTransition.h; sourceTree = "<group>"; };
		9C62F0961B2A36C0006FD3A8 /* ZoomingIconTransition.m */ = {isa = PBXFileReference; fileEncoding = 4; lastKnownFileType = sourcecode.c.objc; path = ZoomingIconTransition.m; sourceTree = "<group>"; };
/* End PBXFileReference section */

/* Begin PBXFrameworksBuildPhase section */
		9C62F05B1B29E756006FD3A8 /* Frameworks */ = {
			isa = PBXFrameworksBuildPhase;
			buildActionMask = 2147483647;
			files = (
			);
			runOnlyForDeploymentPostprocessing = 0;
		};
		9C62F0741B29E756006FD3A8 /* Frameworks */ = {
			isa = PBXFrameworksBuildPhase;
			buildActionMask = 2147483647;
			files = (
			);
			runOnlyForDeploymentPostprocessing = 0;
		};
/* End PBXFrameworksBuildPhase section */

/* Begin PBXGroup section */
		9C62F0551B29E756006FD3A8 = {
			isa = PBXGroup;
			children = (
				9C62F0601B29E756006FD3A8 /* ZoomingIcons */,
				9C62F07A1B29E756006FD3A8 /* ZoomingIconsTests */,
				9C62F05F1B29E756006FD3A8 /* Products */,
			);
			sourceTree = "<group>";
		};
		9C62F05F1B29E756006FD3A8 /* Products */ = {
			isa = PBXGroup;
			children = (
				9C62F05E1B29E756006FD3A8 /* ZoomingIcons.app */,
				9C62F0771B29E756006FD3A8 /* ZoomingIconsTests.xctest */,
			);
			name = Products;
			sourceTree = "<group>";
		};
		9C62F0601B29E756006FD3A8 /* ZoomingIcons */ = {
			isa = PBXGroup;
			children = (
				9C62F0651B29E756006FD3A8 /* AppDelegate.h */,
				9C62F0661B29E756006FD3A8 /* AppDelegate.m */,
				9C62F0871B29E8C6006FD3A8 /* MenuViewController.h */,
				9C62F0881B29E8C6006FD3A8 /* MenuViewController.m */,
				9C62F08A1B2A02AD006FD3A8 /* SocialItemCell.h */,
				9C62F08B1B2A02AD006FD3A8 /* SocialItemCell.m */,
				9C62F0901B2A1AC7006FD3A8 /* DetailedViewController.h */,
				9C62F0911B2A1AC7006FD3A8 /* DetailedViewController.m */,
				9C62F08D1B2A08E6006FD3A8 /* SocialItem.h */,
				9C62F08E1B2A08E6006FD3A8 /* SocialItem.m */,
				9C62F0951B2A36C0006FD3A8 /* ZoomingIconTransition.h */,
				9C62F0961B2A36C0006FD3A8 /* ZoomingIconTransition.m */,
				9C62F0931B2A1CBE006FD3A8 /* Main.storyboard */,
				9C62F06E1B29E756006FD3A8 /* Images.xcassets */,
				9C62F0701B29E756006FD3A8 /* LaunchScreen.xib */,
				9C62F0611B29E756006FD3A8 /* Supporting Files */,
			);
			path = ZoomingIcons;
			sourceTree = "<group>";
		};
		9C62F0611B29E756006FD3A8 /* Supporting Files */ = {
			isa = PBXGroup;
			children = (
				9C62F0621B29E756006FD3A8 /* Info.plist */,
				9C62F0631B29E756006FD3A8 /* main.m */,
			);
			name = "Supporting Files";
			sourceTree = "<group>";
		};
		9C62F07A1B29E756006FD3A8 /* ZoomingIconsTests */ = {
			isa = PBXGroup;
			children = (
				9C62F07D1B29E756006FD3A8 /* ZoomingIconsTests.m */,
				9C62F07B1B29E756006FD3A8 /* Supporting Files */,
			);
			path = ZoomingIconsTests;
			sourceTree = "<group>";
		};
		9C62F07B1B29E756006FD3A8 /* Supporting Files */ = {
			isa = PBXGroup;
			children = (
				9C62F07C1B29E756006FD3A8 /* Info.plist */,
			);
			name = "Supporting Files";
			sourceTree = "<group>";
		};
/* End PBXGroup section */

/* Begin PBXNativeTarget section */
		9C62F05D1B29E756006FD3A8 /* ZoomingIcons */ = {
			isa = PBXNativeTarget;
			buildConfigurationList = 9C62F0811B29E756006FD3A8 /* Build configuration list for PBXNativeTarget "ZoomingIcons" */;
			buildPhases = (
				9C62F05A1B29E756006FD3A8 /* Sources */,
				9C62F05B1B29E756006FD3A8 /* Frameworks */,
				9C62F05C1B29E756006FD3A8 /* Resources */,
			);
			buildRules = (
			);
			dependencies = (
			);
			name = ZoomingIcons;
			productName = ZoomingIcons;
			productReference = 9C62F05E1B29E756006FD3A8 /* ZoomingIcons.app */;
			productType = "com.apple.product-type.application";
		};
		9C62F0761B29E756006FD3A8 /* ZoomingIconsTests */ = {
			isa = PBXNativeTarget;
			buildConfigurationList = 9C62F0841B29E756006FD3A8 /* Build configuration list for PBXNativeTarget "ZoomingIconsTests" */;
			buildPhases = (
				9C62F0731B29E756006FD3A8 /* Sources */,
				9C62F0741B29E756006FD3A8 /* Frameworks */,
				9C62F0751B29E756006FD3A8 /* Resources */,
			);
			buildRules = (
			);
			dependencies = (
				9C62F0791B29E756006FD3A8 /* PBXTargetDependency */,
			);
			name = ZoomingIconsTests;
			productName = ZoomingIconsTests;
			productReference = 9C62F0771B29E756006FD3A8 /* ZoomingIconsTests.xctest */;
			productType = "com.apple.product-type.bundle.unit-test";
		};
/* End PBXNativeTarget section */

/* Begin PBXProject section */
		9C62F0561B29E756006FD3A8 /* Project object */ = {
			isa = PBXProject;
			attributes = {
				LastUpgradeCheck = 0630;
				ORGANIZATIONNAME = JWANG;
				TargetAttributes = {
					9C62F05D1B29E756006FD3A8 = {
						CreatedOnToolsVersion = 6.3.2;
					};
					9C62F0761B29E756006FD3A8 = {
						CreatedOnToolsVersion = 6.3.2;
						TestTargetID = 9C62F05D1B29E756006FD3A8;
					};
				};
			};
			buildConfigurationList = 9C62F0591B29E756006FD3A8 /* Build configuration list for PBXProject "ZoomingIcons" */;
			compatibilityVersion = "Xcode 3.2";
			developmentRegion = English;
			hasScannedForEncodings = 0;
			knownRegions = (
				en,
				Base,
			);
			mainGroup = 9C62F0551B29E756006FD3A8;
			productRefGroup = 9C62F05F1B29E756006FD3A8 /* Products */;
			projectDirPath = "";
			projectRoot = "";
			targets = (
				9C62F05D1B29E756006FD3A8 /* ZoomingIcons */,
				9C62F0761B29E756006FD3A8 /* ZoomingIconsTests */,
			);
		};
/* End PBXProject section */

/* Begin PBXResourcesBuildPhase section */
		9C62F05C1B29E756006FD3A8 /* Resources */ = {
			isa = PBXResourcesBuildPhase;
			buildActionMask = 2147483647;
			files = (
				9C62F0941B2A1CBE006FD3A8 /* Main.storyboard in Resources */,
				9C62F0721B29E756006FD3A8 /* LaunchScreen.xib in Resources */,
				9C62F06F1B29E756006FD3A8 /* Images.xcassets in Resources */,
			);
			runOnlyForDeploymentPostprocessing = 0;
		};
		9C62F0751B29E756006FD3A8 /* Resources */ = {
			isa = PBXResourcesBuildPhase;
			buildActionMask = 2147483647;
			files = (
			);
			runOnlyForDeploymentPostprocessing = 0;
		};
/* End PBXResourcesBuildPhase section */

/* Begin PBXSourcesBuildPhase section */
		9C62F05A1B29E756006FD3A8 /* Sources */ = {
			isa = PBXSourcesBuildPhase;
			buildActionMask = 2147483647;
			files = (
				9C62F0671B29E756006FD3A8 /* AppDelegate.m in Sources */,
				9C62F08F1B2A08E6006FD3A8 /* SocialItem.m in Sources */,
				9C62F08C1B2A02AD006FD3A8 /* SocialItemCell.m in Sources */,
				9C62F0891B29E8C6006FD3A8 /* MenuViewController.m in Sources */,
				9C62F0921B2A1AC7006FD3A8 /* DetailedViewController.m in Sources */,
				9C62F0971B2A36C0006FD3A8 /* ZoomingIconTransition.m in Sources */,
				9C62F0641B29E756006FD3A8 /* main.m in Sources */,
			);
			runOnlyForDeploymentPostprocessing = 0;
		};
		9C62F0731B29E756006FD3A8 /* Sources */ = {
			isa = PBXSourcesBuildPhase;
			buildActionMask = 2147483647;
			files = (
				9C62F07E1B29E756006FD3A8 /* ZoomingIconsTests.m in Sources */,
			);
			runOnlyForDeploymentPostprocessing = 0;
		};
/* End PBXSourcesBuildPhase section */

/* Begin PBXTargetDependency section */
		9C62F0791B29E756006FD3A8 /* PBXTargetDependency */ = {
			isa = PBXTargetDependency;
			target = 9C62F05D1B29E756006FD3A8 /* ZoomingIcons */;
			targetProxy = 9C62F0781B29E756006FD3A8 /* PBXContainerItemProxy */;
		};
/* End PBXTargetDependency section */

/* Begin PBXVariantGroup section */
		9C62F0701B29E756006FD3A8 /* LaunchScreen.xib */ = {
			isa = PBXVariantGroup;
			children = (
				9C62F0711B29E756006FD3A8 /* Base */,
			);
			name = LaunchScreen.xib;
			sourceTree = "<group>";
		};
/* End PBXVariantGroup section */

/* Begin XCBuildConfiguration section */
		9C62F07F1B29E756006FD3A8 /* Debug */ = {
			isa = XCBuildConfiguration;
			buildSettings = {
				ALWAYS_SEARCH_USER_PATHS = NO;
				CLANG_CXX_LANGUAGE_STANDARD = "gnu++0x";
				CLANG_CXX_LIBRARY = "libc++";
				CLANG_ENABLE_MODULES = YES;
				CLANG_ENABLE_OBJC_ARC = YES;
				CLANG_WARN_BOOL_CONVERSION = YES;
				CLANG_WARN_CONSTANT_CONVERSION = YES;
				CLANG_WARN_DIRECT_OBJC_ISA_USAGE = YES_ERROR;
				CLANG_WARN_EMPTY_BODY = YES;
				CLANG_WARN_ENUM_CONVERSION = YES;
				CLANG_WARN_INT_CONVERSION = YES;
				CLANG_WARN_OBJC_ROOT_CLASS = YES_ERROR;
				CLANG_WARN_UNREACHABLE_CODE = YES;
				CLANG_WARN__DUPLICATE_METHOD_MATCH = YES;
				"CODE_SIGN_IDENTITY[sdk=iphoneos*]" = "iPhone Developer";
				COPY_PHASE_STRIP = NO;
				DEBUG_INFORMATION_FORMAT = "dwarf-with-dsym";
				ENABLE_STRICT_OBJC_MSGSEND = YES;
				GCC_C_LANGUAGE_STANDARD = gnu99;
				GCC_DYNAMIC_NO_PIC = NO;
				GCC_NO_COMMON_BLOCKS = YES;
				GCC_OPTIMIZATION_LEVEL = 0;
				GCC_PREPROCESSOR_DEFINITIONS = (
					"DEBUG=1",
					"$(inherited)",
				);
				GCC_SYMBOLS_PRIVATE_EXTERN = NO;
				GCC_WARN_64_TO_32_BIT_CONVERSION = YES;
				GCC_WARN_ABOUT_RETURN_TYPE = YES_ERROR;
				GCC_WARN_UNDECLARED_SELECTOR = YES;
				GCC_WARN_UNINITIALIZED_AUTOS = YES_AGGRESSIVE;
				GCC_WARN_UNUSED_FUNCTION = YES;
				GCC_WARN_UNUSED_VARIABLE = YES;
				IPHONEOS_DEPLOYMENT_TARGET = 8.3;
				MTL_ENABLE_DEBUG_INFO = YES;
				ONLY_ACTIVE_ARCH = YES;
				SDKROOT = iphoneos;
			};
			name = Debug;
		};
		9C62F0801B29E756006FD3A8 /* Release */ = {
			isa = XCBuildConfiguration;
			buildSettings = {
				ALWAYS_SEARCH_USER_PATHS = NO;
				CLANG_CXX_LANGUAGE_STANDARD = "gnu++0x";
				CLANG_CXX_LIBRARY = "libc++";
				CLANG_ENABLE_MODULES = YES;
				CLANG_ENABLE_OBJC_ARC = YES;
				CLANG_WARN_BOOL_CONVERSION = YES;
				CLANG_WARN_CONSTANT_CONVERSION = YES;
				CLANG_WARN_DIRECT_OBJC_ISA_USAGE = YES_ERROR;
				CLANG_WARN_EMPTY_BODY = YES;
				CLANG_WARN_ENUM_CONVERSION = YES;
				CLANG_WARN_INT_CONVERSION = YES;
				CLANG_WARN_OBJC_ROOT_CLASS = YES_ERROR;
				CLANG_WARN_UNREACHABLE_CODE = YES;
				CLANG_WARN__DUPLICATE_METHOD_MATCH = YES;
				"CODE_SIGN_IDENTITY[sdk=iphoneos*]" = "iPhone Developer";
				COPY_PHASE_STRIP = NO;
				DEBUG_INFORMATION_FORMAT = "dwarf-with-dsym";
				ENABLE_NS_ASSERTIONS = NO;
				ENABLE_STRICT_OBJC_MSGSEND = YES;
				GCC_C_LANGUAGE_STANDARD = gnu99;
				GCC_NO_COMMON_BLOCKS = YES;
				GCC_WARN_64_TO_32_BIT_CONVERSION = YES;
				GCC_WARN_ABOUT_RETURN_TYPE = YES_ERROR;
				GCC_WARN_UNDECLARED_SELECTOR = YES;
				GCC_WARN_UNINITIALIZED_AUTOS = YES_AGGRESSIVE;
				GCC_WARN_UNUSED_FUNCTION = YES;
				GCC_WARN_UNUSED_VARIABLE = YES;
				IPHONEOS_DEPLOYMENT_TARGET = 8.3;
				MTL_ENABLE_DEBUG_INFO = NO;
				SDKROOT = iphoneos;
				VALIDATE_PRODUCT = YES;
			};
			name = Release;
		};
		9C62F0821B29E756006FD3A8 /* Debug */ = {
			isa = XCBuildConfiguration;
			buildSettings = {
				ASSETCATALOG_COMPILER_APPICON_NAME = AppIcon;
				INFOPLIST_FILE = ZoomingIcons/Info.plist;
				LD_RUNPATH_SEARCH_PATHS = "$(inherited) @executable_path/Frameworks";
				PRODUCT_NAME = "$(TARGET_NAME)";
			};
			name = Debug;
		};
		9C62F0831B29E756006FD3A8 /* Release */ = {
			isa = XCBuildConfiguration;
			buildSettings = {
				ASSETCATALOG_COMPILER_APPICON_NAME = AppIcon;
				INFOPLIST_FILE = ZoomingIcons/Info.plist;
				LD_RUNPATH_SEARCH_PATHS = "$(inherited) @executable_path/Frameworks";
				PRODUCT_NAME = "$(TARGET_NAME)";
			};
			name = Release;
		};
		9C62F0851B29E756006FD3A8 /* Debug */ = {
			isa = XCBuildConfiguration;
			buildSettings = {
				BUNDLE_LOADER = "$(TEST_HOST)";
				FRAMEWORK_SEARCH_PATHS = (
					"$(SDKROOT)/Developer/Library/Frameworks",
					"$(inherited)",
				);
				GCC_PREPROCESSOR_DEFINITIONS = (
					"DEBUG=1",
					"$(inherited)",
				);
				INFOPLIST_FILE = ZoomingIconsTests/Info.plist;
				LD_RUNPATH_SEARCH_PATHS = "$(inherited) @executable_path/Frameworks @loader_path/Frameworks";
				PRODUCT_NAME = "$(TARGET_NAME)";
				TEST_HOST = "$(BUILT_PRODUCTS_DIR)/ZoomingIcons.app/ZoomingIcons";
			};
			name = Debug;
		};
		9C62F0861B29E756006FD3A8 /* Release */ = {
			isa = XCBuildConfiguration;
			buildSettings = {
				BUNDLE_LOADER = "$(TEST_HOST)";
				FRAMEWORK_SEARCH_PATHS = (
					"$(SDKROOT)/Developer/Library/Frameworks",
					"$(inherited)",
				);
				INFOPLIST_FILE = ZoomingIconsTests/Info.plist;
				LD_RUNPATH_SEARCH_PATHS = "$(inherited) @executable_path/Frameworks @loader_path/Frameworks";
				PRODUCT_NAME = "$(TARGET_NAME)";
				TEST_HOST = "$(BUILT_PRODUCTS_DIR)/ZoomingIcons.app/ZoomingIcons";
			};
			name = Release;
		};
/* End XCBuildConfiguration section */

/* Begin XCConfigurationList section */
		9C62F0591B29E756006FD3A8 /* Build configuration list for PBXProject "ZoomingIcons" */ = {
			isa = XCConfigurationList;
			buildConfigurations = (
				9C62F07F1B29E756006FD3A8 /* Debug */,
				9C62F0801B29E756006FD3A8 /* Release */,
			);
			defaultConfigurationIsVisible = 0;
			defaultConfigurationName = Release;
		};
		9C62F0811B29E756006FD3A8 /* Build configuration list for PBXNativeTarget "ZoomingIcons" */ = {
			isa = XCConfigurationList;
			buildConfigurations = (
				9C62F0821B29E756006FD3A8 /* Debug */,
				9C62F0831B29E756006FD3A8 /* Release */,
			);
			defaultConfigurationIsVisible = 0;
		};
		9C62F0841B29E756006FD3A8 /* Build configuration list for PBXNativeTarget "ZoomingIconsTests" */ = {
			isa = XCConfigurationList;
			buildConfigurations = (
				9C62F0851B29E756006FD3A8 /* Debug */,
				9C62F0861B29E756006FD3A8 /* Release */,
			);
			defaultConfigurationIsVisible = 0;
		};
/* End XCConfigurationList section */
	};
	rootObject = 9C62F0561B29E756006FD3A8 /* Project object */;
}
